version = 1
revision = 2
requires-python = ">=3.12.3"

[[package]]
name = "thehellmaker-lib-1"
version = "0.1.3"
source = { registry = "https://pypi.org/simple" }
sdist = { url = "https://files.pythonhosted.org/packages/4e/d2/fa3c7b3a89072e035a2220ae29839868660bfc76289d61f7d61bbcb261be/thehellmaker_lib_1-0.1.3.tar.gz", hash = "sha256:118f8d43c32647a1898d2ba1f720fb5dc84b55b5f95a4cbb5c1a8da4e4aa8067", size = 753, upload-time = "2025-07-14T11:12:59.571Z" }
wheels = [
    { url = "https://files.pythonhosted.org/packages/bf/46/40ff343bb56161fe57799f13e8111fe69029950c641410e14e0f0c3e86e9/thehellmaker_lib_1-0.1.3-py3-none-any.whl", hash = "sha256:5ba682860360c69f72109c7c7ce636d2f11885521bea3546ef217828353182e7", size = 1385, upload-time = "2025-07-14T11:12:58.415Z" },
]

[[package]]
name = "thehellmaker-lib-2"
version = "0.1.0"
source = { editable = "." }
dependencies = [
    { name = "thehellmaker-lib-1" },
]

[package.metadata]
requires-dist = [{ name = "thehellmaker-lib-1", specifier = "==0.1.3" }]
