version = 1
revision = 2
requires-python = ">=3.12.3"

[[package]]
name = "thehellmaker-lib-1"
version = "0.1.4"
source = { registry = "https://pypi.org/simple" }
sdist = { url = "https://files.pythonhosted.org/packages/ae/9e/05746a822d8c5ddab847df634ef9fa3fb691aaa692f09dba2f7c7d7b94e7/thehellmaker_lib_1-0.1.4.tar.gz", hash = "sha256:27f3dd1eb60a4d26893d68789e1412bf734c8d0ffb05e9e7f7113fc1b347f257", size = 756, upload-time = "2025-07-14T11:16:03.413Z" }
wheels = [
    { url = "https://files.pythonhosted.org/packages/68/33/e573163406854f59b4f1ca6f87dfe11ec4d72e147ee6cddf1afef5745064/thehellmaker_lib_1-0.1.4-py3-none-any.whl", hash = "sha256:37fe4faa737356be5eb160475a29687377a65eaf0118e7cc989678d74d333df8", size = 1385, upload-time = "2025-07-14T11:16:02.247Z" },
]

[[package]]
name = "thehellmaker-lib-3"
version = "0.1.0"
source = { editable = "." }
dependencies = [
    { name = "thehellmaker-lib-1" },
]

[package.metadata]
requires-dist = [{ name = "thehellmaker-lib-1", specifier = "==0.1.4" }]
