version = 1
revision = 2
requires-python = ">=3.10"

[manifest]
members = [
    "brde",
    "brde2",
    "brdeapp",
    "pylib",
    "zen-rule",
]

[[package]]
name = "brde"
version = "0.1.0"
source = { virtual = "brde" }

[[package]]
name = "brde2"
version = "0.1.0"
source = { editable = "brde2" }

[[package]]
name = "brdeapp"
version = "0.1.0"
source = { virtual = "brdeapp" }

[[package]]
name = "pylib"
version = "0.1.0"
source = { editable = "pylib" }

[[package]]
name = "zen-engine"
version = "0.49.1"
source = { registry = "https://pypi.org/simple" }
sdist = { url = "https://files.pythonhosted.org/packages/bb/b8/be3bca997ced41e9fb55f28b1417f1fbcc79c552777089154dc35f9173b1/zen_engine-0.49.1.tar.gz", hash = "sha256:237ef4ba5f7991e5202390ee2273063910809ec62f54de2652c03277c0a94b58", size = 201001, upload-time = "2025-07-04T08:42:02.063Z" }
wheels = [
    { url = "https://files.pythonhosted.org/packages/86/56/b3aee66e6f842a69d1641425bc4aa3f990c2423db5c0aa38d084ea531f0e/zen_engine-0.49.1-cp310-cp310-manylinux_2_28_aarch64.whl", hash = "sha256:afc1f4500b3ea4fd2cda86f28778b06d8e63dafa4520ff900c5ce632f208200b", size = 4053331, upload-time = "2025-07-04T08:41:19.799Z" },
    { url = "https://files.pythonhosted.org/packages/dd/0b/28402cfe212623679258b6ffd60a67d887254101d1dc16be2520a6fd2aa8/zen_engine-0.49.1-cp310-cp310-manylinux_2_28_x86_64.whl", hash = "sha256:b15330550867a9b155ba10918ea171c8dbc4a353108d7e0a210d1d1821375216", size = 4355592, upload-time = "2025-07-04T08:41:21.949Z" },
    { url = "https://files.pythonhosted.org/packages/55/cb/2110f758e1019417f2c68032bc7f2eae8f0eeeb778ae5c0cb130de724b0f/zen_engine-0.49.1-cp310-cp310-win_amd64.whl", hash = "sha256:08893172eaad3bd8e4a83a540064960348beecef9757fe1e7248e874c2a6bef1", size = 4310161, upload-time = "2025-07-04T08:41:23.186Z" },
    { url = "https://files.pythonhosted.org/packages/5a/04/b47117e2088ecbf567ffe7ac034a5f0a0d2fa26e7a23bb8c5432d13ec4c7/zen_engine-0.49.1-cp311-cp311-macosx_10_12_x86_64.whl", hash = "sha256:3f10d9fddbad6371ba657f203a9c578239126a1ac79c0268fe69c871693e5860", size = 4130154, upload-time = "2025-07-04T08:41:24.386Z" },
    { url = "https://files.pythonhosted.org/packages/5c/66/c12f586947f7ddd46d379fc67cea23503680319f218c5797c395eedadd7f/zen_engine-0.49.1-cp311-cp311-macosx_11_0_arm64.whl", hash = "sha256:ebfcebfc2de1f4b9a80b1185dd8209f2fc5fc8257d748de0de57fe22f830aa8e", size = 3841569, upload-time = "2025-07-04T08:41:25.701Z" },
    { url = "https://files.pythonhosted.org/packages/f6/93/ab8d6e4eacc081de4a37cefae1b490b1e49c91d71327dbf512367b43abcc/zen_engine-0.49.1-cp311-cp311-manylinux_2_28_aarch64.whl", hash = "sha256:9ffe650740bef25999aeeee28382cb86d5e43543069aad9338efd024cf1504e9", size = 4053388, upload-time = "2025-07-04T08:41:27.056Z" },
    { url = "https://files.pythonhosted.org/packages/a3/9f/0c1871e1ac30423889b06546cd4aced35c38af0b0717ba1804cb4000fbf3/zen_engine-0.49.1-cp311-cp311-manylinux_2_28_x86_64.whl", hash = "sha256:e98a87db1cd2eec8e858f93e18378a3d62b6d1970e7ea63c95d67d7e8a0b77a8", size = 4355810, upload-time = "2025-07-04T08:41:29.192Z" },
    { url = "https://files.pythonhosted.org/packages/39/ab/8f4f5f4d1fe8498a78891061a509e91e617291fcfc7697f8ca5dd8645ead/zen_engine-0.49.1-cp311-cp311-win_amd64.whl", hash = "sha256:9e635a6eaf69443996718735e8a8bae82324b18b0f20f73f916753facb7c8b63", size = 4310270, upload-time = "2025-07-04T08:41:30.554Z" },
    { url = "https://files.pythonhosted.org/packages/c6/de/bdb4c720656c7c7d905893e4773324a3fa9c585c6e76789ea3e0d4bbc932/zen_engine-0.49.1-cp312-cp312-macosx_10_12_x86_64.whl", hash = "sha256:62d81eec254e0cd7665bd33d53ab398e8222d4e5eb0b55e3e8940ab364a6c6b2", size = 4126336, upload-time = "2025-07-04T08:41:32.261Z" },
    { url = "https://files.pythonhosted.org/packages/80/24/3038fe9a1d9dc9dab4a515111860de01e273e2af77c47d385c5c2a2cb2fe/zen_engine-0.49.1-cp312-cp312-macosx_11_0_arm64.whl", hash = "sha256:364fc3a5744c47325d8b70c11ba7cedb014c053c990fe5b9754694927f21f63f", size = 3836451, upload-time = "2025-07-04T08:41:33.461Z" },
    { url = "https://files.pythonhosted.org/packages/5d/e3/fd082e0c3bb664869662166f5591e4e6a0f198141c2bdad3feef75957cd9/zen_engine-0.49.1-cp312-cp312-manylinux_2_28_aarch64.whl", hash = "sha256:48f26df44a258afa3d985c04f7eaa39f36d19231efc5538208f67b05d853d0e6", size = 4051439, upload-time = "2025-07-04T08:41:34.84Z" },
    { url = "https://files.pythonhosted.org/packages/87/37/b92c2cdab5dfa3c1f2b74737d810d02cc9bb9506bd9e747bae563ad5526e/zen_engine-0.49.1-cp312-cp312-manylinux_2_28_x86_64.whl", hash = "sha256:d446810e30e28e0e4c329f649be680512f7fb428930f4628699b8563e8aee852", size = 4355685, upload-time = "2025-07-04T08:41:36.072Z" },
    { url = "https://files.pythonhosted.org/packages/69/f7/7d04834e44980f60cbe9c7d5c0787e996ad5569643ce9e81c9c9d8cdec47/zen_engine-0.49.1-cp312-cp312-win_amd64.whl", hash = "sha256:7cb825eabde3d3f191117c623a4446aa59fa54b8f8e7dd646e9a44c1282e5603", size = 4308285, upload-time = "2025-07-04T08:41:37.494Z" },
    { url = "https://files.pythonhosted.org/packages/72/4a/52acba61c998a14dc66e0c4326de0278c54a849efaf0968ec4dd64ebb6c3/zen_engine-0.49.1-cp313-cp313-macosx_10_12_x86_64.whl", hash = "sha256:3bc01ddcb6d04dac70c06ff12aa103f1eaf60f2b5da4ffbcc89f9f111ca85a0b", size = 4127990, upload-time = "2025-07-04T08:41:39.054Z" },
    { url = "https://files.pythonhosted.org/packages/13/e0/8d03bb4c694227c22a127ff96b744232f3a9e4fe1a6dc5ab917f0db59f25/zen_engine-0.49.1-cp313-cp313-macosx_11_0_arm64.whl", hash = "sha256:bf0963403db387c6e37b5fbf12c66cd67f9b351e33a5940af1ab681033a28efd", size = 3837608, upload-time = "2025-07-04T08:41:40.384Z" },
    { url = "https://files.pythonhosted.org/packages/f0/90/6f188659fdd37233a5ace6acf7ccb62755413507be5d2fe467dcc7b7a4d6/zen_engine-0.49.1-cp313-cp313-manylinux_2_28_aarch64.whl", hash = "sha256:969af69f1a92a1d505594592edaebfc76c7e3c2a7c7e1f3bcea151314e26eb64", size = 4051266, upload-time = "2025-07-04T08:41:41.637Z" },
    { url = "https://files.pythonhosted.org/packages/ce/b6/f6090c672acdcbd7451a188add8cc35d15658c1956a43e0a98a8a8b3f0fe/zen_engine-0.49.1-cp313-cp313-manylinux_2_28_x86_64.whl", hash = "sha256:72e05946b52d739de4ec50d97d3e4532265f98951904f5fb4c263861a3083e67", size = 4355780, upload-time = "2025-07-04T08:41:42.977Z" },
    { url = "https://files.pythonhosted.org/packages/82/70/4715d2b2982ea66b6a41fb8173143c10e991e3afe3fe3a693ff47c898f62/zen_engine-0.49.1-cp313-cp313-win_amd64.whl", hash = "sha256:72f5e87023fc0b420c9fb0ab5a5b208121819f063e79a91e2e3a7419d41ee475", size = 4308084, upload-time = "2025-07-04T08:41:44.135Z" },
    { url = "https://files.pythonhosted.org/packages/c3/ce/568ec524086cd0c0eb93f1d2a22fbf56d16f1532cc55cb0fa99e0d1735c4/zen_engine-0.49.1-cp313-cp313t-manylinux_2_28_aarch64.whl", hash = "sha256:de6e73c567618f283a1a80bed95e5bf83697efb2351621b540b629825541d022", size = 4047703, upload-time = "2025-07-04T08:41:45.315Z" },
    { url = "https://files.pythonhosted.org/packages/0b/5f/b20687f1efb2de0ad1c78c91b5b6c2c5ac9e86063437e65f0d1bbb45e4ee/zen_engine-0.49.1-pp310-pypy310_pp73-manylinux_2_28_aarch64.whl", hash = "sha256:17a2a40cd49d4df62b75370d7e122b46ddbf4a1ed2f59c8b1a25885429bde0e2", size = 4053849, upload-time = "2025-07-04T08:41:55.324Z" },
    { url = "https://files.pythonhosted.org/packages/b3/41/fd617fa73a16cfb4aad9284e3e8e012843ea2b36c17ed77ee63eb5165c45/zen_engine-0.49.1-pp310-pypy310_pp73-manylinux_2_28_x86_64.whl", hash = "sha256:0bf57fa4f925b0ce244ad7a2fa4defad07c579a11ce788e8c17a9c88d51ca592", size = 4355851, upload-time = "2025-07-04T08:41:56.896Z" },
    { url = "https://files.pythonhosted.org/packages/72/5d/adb4e9759659eb08011a8b165f0d34fed801081ceabd0389a3c61b192d59/zen_engine-0.49.1-pp311-pypy311_pp73-manylinux_2_28_aarch64.whl", hash = "sha256:be403be2b5c16f070add5dbbcfedcc5a0ab93c997197d03eea56d2227ad43484", size = 4053846, upload-time = "2025-07-04T08:41:58.094Z" },
]

[[package]]
name = "zen-rule"
version = "0.4.0"
source = { editable = "." }
dependencies = [
    { name = "zen-engine" },
]

[package.metadata]
requires-dist = [{ name = "zen-engine" }]
