# generated by rye
# use `rye lock` or `rye sync` to update this lockfile
#
# last locked with the following flags:
#   pre: false
#   features: []
#   all-features: false
#   with-sources: false
#   generate-hashes: false
#   universal: false

-e file:.
freezegun==1.5.3
    # via sleepfake
iniconfig==2.1.0
    # via pytest
packaging==25.0
    # via pytest
pluggy==1.6.0
    # via pytest
pygments==2.19.2
    # via pytest
pytest==8.4.1
    # via sleepfake
python-dateutil==2.9.0.post0
    # via freezegun
six==1.17.0
    # via python-dateutil
