# This file is automatically @generated by Poetry 2.1.3 and should not be changed by hand.

[[package]]
name = "maturin"
version = "1.9.1"
description = "Build and publish crates with pyo3, cffi and uniffi bindings as well as rust binaries as python packages"
optional = false
python-versions = ">=3.7"
groups = ["main"]
files = [
    {file = "maturin-1.9.1-py3-none-linux_armv6l.whl", hash = "sha256:fe8f59f9e387fb19635eab6b7381ef718e5dc7a328218e6da604c91f206cbb72"},
    {file = "maturin-1.9.1-py3-none-macosx_10_12_x86_64.macosx_11_0_arm64.macosx_10_12_universal2.whl", hash = "sha256:6a9c9d176f6df3a8ec1a4c9c72c8a49674ed13668a03c9ead5fab983bbeeb624"},
    {file = "maturin-1.9.1-py3-none-macosx_10_12_x86_64.whl", hash = "sha256:e14eedbc4369dda1347ce9ddc183ade7c513d9975b7ea2b9c9e4211fb74f597a"},
    {file = "maturin-1.9.1-py3-none-manylinux_2_12_i686.manylinux2010_i686.musllinux_1_1_i686.whl", hash = "sha256:2f05f07bc887e010c44d32a088aea4f36a2104e301f51f408481e4e9759471a7"},
    {file = "maturin-1.9.1-py3-none-manylinux_2_12_x86_64.manylinux2010_x86_64.musllinux_1_1_x86_64.whl", hash = "sha256:e7eb54db3aace213420cd545b24a149842e8d6b1fcec046d0346f299d8adfc34"},
    {file = "maturin-1.9.1-py3-none-manylinux_2_17_aarch64.manylinux2014_aarch64.musllinux_1_1_aarch64.whl", hash = "sha256:9d037a37b8ef005eebdea61eaf0e3053ebcad3b740162932fbc120db5fdf5653"},
    {file = "maturin-1.9.1-py3-none-manylinux_2_17_armv7l.manylinux2014_armv7l.musllinux_1_1_armv7l.whl", hash = "sha256:7c26fb60d80e6a72a8790202bb14dbef956b831044f55d1ce4e2c2e915eb6124"},
    {file = "maturin-1.9.1-py3-none-manylinux_2_17_ppc64le.manylinux2014_ppc64le.musllinux_1_1_ppc64le.whl", hash = "sha256:e0a2c546c123ed97d1ee0c9cc80a912d9174913643c737c12adf4bce46603bb3"},
    {file = "maturin-1.9.1-py3-none-manylinux_2_17_s390x.manylinux2014_s390x.whl", hash = "sha256:f5dde6fbcc36a1173fe74e6629fee36e89df76236247b64b23055f1f820bdf35"},
    {file = "maturin-1.9.1-py3-none-win32.whl", hash = "sha256:69d9f752f33a3c95062014f464cbd715e83a175f4601b76a9ce3db6ea18df976"},
    {file = "maturin-1.9.1-py3-none-win_amd64.whl", hash = "sha256:c8b71cf0f6a5f712ac1466641d520e2ce3fbe44104319a55d875cc8326dcdd61"},
    {file = "maturin-1.9.1-py3-none-win_arm64.whl", hash = "sha256:0e6e2ddc83999ac3999576b06649a327536a51d57c917fa01416e40f53106bda"},
    {file = "maturin-1.9.1.tar.gz", hash = "sha256:97b52fb19d20c1fdc70e4efdc05d79853a4c9c0051030c93a793cd5181dc4ccd"},
]

[package.extras]
patchelf = ["patchelf"]
zig = ["ziglang (>=0.10.0,<0.13.0)"]

[metadata]
lock-version = "2.1"
python-versions = ">=3.12"
content-hash = "f3f2cdb1f4c75cc97b136334a163f36784aaf4cd83ac7ea288857874ef53e797"
