# generated by rye
# use `rye lock` or `rye sync` to update this lockfile
#
# last locked with the following flags:
#   pre: false
#   features: []
#   all-features: false
#   with-sources: false
#   generate-hashes: false
#   universal: false

-e file:.
aiohappyeyeballs==2.6.1
    # via aiohttp
aiohttp==3.12.13
    # via aiohttp-jinja2
    # via textual-dev
    # via textual-serve
aiohttp-jinja2==1.6
    # via textual-serve
aiosignal==1.4.0
    # via aiohttp
attrs==25.3.0
    # via aiohttp
cfgv==3.4.0
    # via pre-commit
click==8.2.1
    # via textual-dev
codespell==2.4.1
distlib==0.3.9
    # via virtualenv
filelock==3.18.0
    # via virtualenv
frozenlist==1.7.0
    # via aiohttp
    # via aiosignal
identify==2.6.12
    # via pre-commit
idna==3.10
    # via yarl
jinja2==3.1.6
    # via aiohttp-jinja2
    # via textual-serve
linkify-it-py==2.0.3
    # via markdown-it-py
markdown-it-py==3.0.0
    # via mdit-py-plugins
    # via rich
    # via textual
markupsafe==3.0.2
    # via jinja2
mdit-py-plugins==0.4.2
    # via markdown-it-py
mdurl==0.1.2
    # via markdown-it-py
msgpack==1.1.1
    # via textual-dev
multidict==6.6.3
    # via aiohttp
    # via yarl
mypy==1.16.1
mypy-extensions==1.1.0
    # via mypy
nodeenv==1.9.1
    # via pre-commit
pathspec==0.12.1
    # via mypy
platformdirs==4.3.8
    # via textual
    # via virtualenv
pre-commit==4.2.0
propcache==0.3.2
    # via aiohttp
    # via yarl
pygments==2.19.2
    # via rich
pyyaml==6.0.2
    # via pre-commit
rich==14.0.0
    # via textual
    # via textual-serve
textual==3.7.0
    # via dhv
    # via textual-dev
    # via textual-enhanced
    # via textual-fspicker
    # via textual-serve
textual-dev==1.7.0
textual-enhanced==0.13.0
    # via dhv
textual-fspicker==0.4.1
    # via dhv
textual-serve==1.1.2
    # via textual-dev
tree-sitter==0.24.0
    # via textual
tree-sitter-bash==0.25.0
    # via textual
tree-sitter-css==0.23.2
    # via textual
tree-sitter-go==0.23.4
    # via textual
tree-sitter-html==0.23.2
    # via textual
tree-sitter-java==0.23.5
    # via textual
tree-sitter-javascript==0.23.1
    # via textual
tree-sitter-json==0.24.8
    # via textual
tree-sitter-markdown==0.3.2
    # via textual
tree-sitter-python==0.23.6
    # via textual
tree-sitter-regex==0.24.3
    # via textual
tree-sitter-rust==0.23.2
    # via textual
tree-sitter-sql==0.3.7
    # via textual
tree-sitter-toml==0.7.0
    # via textual
tree-sitter-xml==0.7.0
    # via textual
tree-sitter-yaml==0.7.1
    # via textual
typing-extensions==4.14.1
    # via mypy
    # via textual
    # via textual-dev
uc-micro-py==1.0.3
    # via linkify-it-py
virtualenv==20.31.2
    # via pre-commit
xdg-base-dirs==6.0.2
    # via dhv
yarl==1.20.1
    # via aiohttp
